
Microsoft Visual Studio Solution File, Format Version 12.00
# Visual Studio Version 17
VisualStudioVersion = 17.0.31903.59
MinimumVisualStudioVersion = 10.0.40219.1
Project("{2150E333-8FDC-42A3-9474-1A3956D46DE8}") = "src", "src", "{827E0CD3-B72D-47B6-A68D-7590B98EB39B}"
EndProject
Project("{2150E333-8FDC-42A3-9474-1A3956D46DE8}") = "CareConnect", "CareConnect", "{95CC47FE-CF95-746B-ED05-7E7817C67A6C}"
EndProject
Project("{FAE04EC0-301F-11D3-BF4B-00C04F79EFBC}") = "CareConnect.DTOs", "src\CareConnect\CareConnect.DTOs\CareConnect.DTOs.csproj", "{8F22FEC9-6A04-4062-9930-D55EC5993A18}"
EndProject
Project("{FAE04EC0-301F-11D3-BF4B-00C04F79EFBC}") = "CareConnect.Infrastructure", "src\CareConnect\CareConnect.Infrastructure\CareConnect.Infrastructure.csproj", "{48A8ED15-2E5E-48A5-992C-2A0C8849B39B}"
EndProject
Project("{FAE04EC0-301F-11D3-BF4B-00C04F79EFBC}") = "CareConnect.AppServices", "src\CareConnect\CareConnect.AppServices\CareConnect.AppServices.csproj", "{2373C198-4C3E-4871-9A29-1A990D2293E9}"
EndProject
Project("{FAE04EC0-301F-11D3-BF4B-00C04F79EFBC}") = "CareConnect.Commands", "src\CareConnect\CareConnect.Commands\CareConnect.Commands.csproj", "{217B0712-D725-4B1C-BCA1-3B025EF63B56}"
EndProject
Project("{FAE04EC0-301F-11D3-BF4B-00C04F79EFBC}") = "CareConnect.Queries", "src\CareConnect\CareConnect.Queries\CareConnect.Queries.csproj", "{2EDF446D-30DF-4F9B-BF76-196F993B48B3}"
EndProject
Project("{FAE04EC0-301F-11D3-BF4B-00C04F79EFBC}") = "CareConnect.Controller", "src\CareConnect\CareConnect.Controller\CareConnect.Controller.csproj", "{4CEA7197-65B0-46C6-91A0-C19817F30026}"
EndProject
Project("{2150E333-8FDC-42A3-9474-1A3956D46DE8}") = "tests", "tests", "{0AB3BF05-4346-4AA6-1389-037BE0695223}"
EndProject
Project("{FAE04EC0-301F-11D3-BF4B-00C04F79EFBC}") = "CareConnect.Commands.Tests", "tests\CareConnect.Commands.Tests\CareConnect.Commands.Tests.csproj", "{22B4EF99-619F-4BF3-90E7-611598AAD197}"
EndProject
Project("{FAE04EC0-301F-11D3-BF4B-00C04F79EFBC}") = "CareConnect.Queries.Tests", "tests\CareConnect.Queries.Tests\CareConnect.Queries.Tests.csproj", "{67977D3C-5E23-4507-9384-ABE4FF12DE3F}"
EndProject
Project("{FAE04EC0-301F-11D3-BF4B-00C04F79EFBC}") = "CareConnect.AppServices.Tests", "tests\CareConnect.AppServices.Tests\CareConnect.AppServices.Tests.csproj", "{06A3ABDC-8C7F-495B-9605-3C4D48AB0695}"
EndProject
Project("{FAE04EC0-301F-11D3-BF4B-00C04F79EFBC}") = "CareConnect.IntegrationTests", "tests\CareConnect.IntegrationTests\CareConnect.IntegrationTests.csproj", "{1834F80F-50E8-44D5-8EA9-AAA13210105D}"
EndProject
Global
	GlobalSection(SolutionConfigurationPlatforms) = preSolution
		Debug|Any CPU = Debug|Any CPU
		Debug|x64 = Debug|x64
		Debug|x86 = Debug|x86
		Release|Any CPU = Release|Any CPU
		Release|x64 = Release|x64
		Release|x86 = Release|x86
	EndGlobalSection
	GlobalSection(ProjectConfigurationPlatforms) = postSolution
		{8F22FEC9-6A04-4062-9930-D55EC5993A18}.Debug|Any CPU.ActiveCfg = Debug|Any CPU
		{8F22FEC9-6A04-4062-9930-D55EC5993A18}.Debug|Any CPU.Build.0 = Debug|Any CPU
		{8F22FEC9-6A04-4062-9930-D55EC5993A18}.Debug|x64.ActiveCfg = Debug|Any CPU
		{8F22FEC9-6A04-4062-9930-D55EC5993A18}.Debug|x64.Build.0 = Debug|Any CPU
		{8F22FEC9-6A04-4062-9930-D55EC5993A18}.Debug|x86.ActiveCfg = Debug|Any CPU
		{8F22FEC9-6A04-4062-9930-D55EC5993A18}.Debug|x86.Build.0 = Debug|Any CPU
		{8F22FEC9-6A04-4062-9930-D55EC5993A18}.Release|Any CPU.ActiveCfg = Release|Any CPU
		{8F22FEC9-6A04-4062-9930-D55EC5993A18}.Release|Any CPU.Build.0 = Release|Any CPU
		{8F22FEC9-6A04-4062-9930-D55EC5993A18}.Release|x64.ActiveCfg = Release|Any CPU
		{8F22FEC9-6A04-4062-9930-D55EC5993A18}.Release|x64.Build.0 = Release|Any CPU
		{8F22FEC9-6A04-4062-9930-D55EC5993A18}.Release|x86.ActiveCfg = Release|Any CPU
		{8F22FEC9-6A04-4062-9930-D55EC5993A18}.Release|x86.Build.0 = Release|Any CPU
		{48A8ED15-2E5E-48A5-992C-2A0C8849B39B}.Debug|Any CPU.ActiveCfg = Debug|Any CPU
		{48A8ED15-2E5E-48A5-992C-2A0C8849B39B}.Debug|Any CPU.Build.0 = Debug|Any CPU
		{48A8ED15-2E5E-48A5-992C-2A0C8849B39B}.Debug|x64.ActiveCfg = Debug|Any CPU
		{48A8ED15-2E5E-48A5-992C-2A0C8849B39B}.Debug|x64.Build.0 = Debug|Any CPU
		{48A8ED15-2E5E-48A5-992C-2A0C8849B39B}.Debug|x86.ActiveCfg = Debug|Any CPU
		{48A8ED15-2E5E-48A5-992C-2A0C8849B39B}.Debug|x86.Build.0 = Debug|Any CPU
		{48A8ED15-2E5E-48A5-992C-2A0C8849B39B}.Release|Any CPU.ActiveCfg = Release|Any CPU
		{48A8ED15-2E5E-48A5-992C-2A0C8849B39B}.Release|Any CPU.Build.0 = Release|Any CPU
		{48A8ED15-2E5E-48A5-992C-2A0C8849B39B}.Release|x64.ActiveCfg = Release|Any CPU
		{48A8ED15-2E5E-48A5-992C-2A0C8849B39B}.Release|x64.Build.0 = Release|Any CPU
		{48A8ED15-2E5E-48A5-992C-2A0C8849B39B}.Release|x86.ActiveCfg = Release|Any CPU
		{48A8ED15-2E5E-48A5-992C-2A0C8849B39B}.Release|x86.Build.0 = Release|Any CPU
		{2373C198-4C3E-4871-9A29-1A990D2293E9}.Debug|Any CPU.ActiveCfg = Debug|Any CPU
		{2373C198-4C3E-4871-9A29-1A990D2293E9}.Debug|Any CPU.Build.0 = Debug|Any CPU
		{2373C198-4C3E-4871-9A29-1A990D2293E9}.Debug|x64.ActiveCfg = Debug|Any CPU
		{2373C198-4C3E-4871-9A29-1A990D2293E9}.Debug|x64.Build.0 = Debug|Any CPU
		{2373C198-4C3E-4871-9A29-1A990D2293E9}.Debug|x86.ActiveCfg = Debug|Any CPU
		{2373C198-4C3E-4871-9A29-1A990D2293E9}.Debug|x86.Build.0 = Debug|Any CPU
		{2373C198-4C3E-4871-9A29-1A990D2293E9}.Release|Any CPU.ActiveCfg = Release|Any CPU
		{2373C198-4C3E-4871-9A29-1A990D2293E9}.Release|Any CPU.Build.0 = Release|Any CPU
		{2373C198-4C3E-4871-9A29-1A990D2293E9}.Release|x64.ActiveCfg = Release|Any CPU
		{2373C198-4C3E-4871-9A29-1A990D2293E9}.Release|x64.Build.0 = Release|Any CPU
		{2373C198-4C3E-4871-9A29-1A990D2293E9}.Release|x86.ActiveCfg = Release|Any CPU
		{2373C198-4C3E-4871-9A29-1A990D2293E9}.Release|x86.Build.0 = Release|Any CPU
		{217B0712-D725-4B1C-BCA1-3B025EF63B56}.Debug|Any CPU.ActiveCfg = Debug|Any CPU
		{217B0712-D725-4B1C-BCA1-3B025EF63B56}.Debug|Any CPU.Build.0 = Debug|Any CPU
		{217B0712-D725-4B1C-BCA1-3B025EF63B56}.Debug|x64.ActiveCfg = Debug|Any CPU
		{217B0712-D725-4B1C-BCA1-3B025EF63B56}.Debug|x64.Build.0 = Debug|Any CPU
		{217B0712-D725-4B1C-BCA1-3B025EF63B56}.Debug|x86.ActiveCfg = Debug|Any CPU
		{217B0712-D725-4B1C-BCA1-3B025EF63B56}.Debug|x86.Build.0 = Debug|Any CPU
		{217B0712-D725-4B1C-BCA1-3B025EF63B56}.Release|Any CPU.ActiveCfg = Release|Any CPU
		{217B0712-D725-4B1C-BCA1-3B025EF63B56}.Release|Any CPU.Build.0 = Release|Any CPU
		{217B0712-D725-4B1C-BCA1-3B025EF63B56}.Release|x64.ActiveCfg = Release|Any CPU
		{217B0712-D725-4B1C-BCA1-3B025EF63B56}.Release|x64.Build.0 = Release|Any CPU
		{217B0712-D725-4B1C-BCA1-3B025EF63B56}.Release|x86.ActiveCfg = Release|Any CPU
		{217B0712-D725-4B1C-BCA1-3B025EF63B56}.Release|x86.Build.0 = Release|Any CPU
		{2EDF446D-30DF-4F9B-BF76-196F993B48B3}.Debug|Any CPU.ActiveCfg = Debug|Any CPU
		{2EDF446D-30DF-4F9B-BF76-196F993B48B3}.Debug|Any CPU.Build.0 = Debug|Any CPU
		{2EDF446D-30DF-4F9B-BF76-196F993B48B3}.Debug|x64.ActiveCfg = Debug|Any CPU
		{2EDF446D-30DF-4F9B-BF76-196F993B48B3}.Debug|x64.Build.0 = Debug|Any CPU
		{2EDF446D-30DF-4F9B-BF76-196F993B48B3}.Debug|x86.ActiveCfg = Debug|Any CPU
		{2EDF446D-30DF-4F9B-BF76-196F993B48B3}.Debug|x86.Build.0 = Debug|Any CPU
		{2EDF446D-30DF-4F9B-BF76-196F993B48B3}.Release|Any CPU.ActiveCfg = Release|Any CPU
		{2EDF446D-30DF-4F9B-BF76-196F993B48B3}.Release|Any CPU.Build.0 = Release|Any CPU
		{2EDF446D-30DF-4F9B-BF76-196F993B48B3}.Release|x64.ActiveCfg = Release|Any CPU
		{2EDF446D-30DF-4F9B-BF76-196F993B48B3}.Release|x64.Build.0 = Release|Any CPU
		{2EDF446D-30DF-4F9B-BF76-196F993B48B3}.Release|x86.ActiveCfg = Release|Any CPU
		{2EDF446D-30DF-4F9B-BF76-196F993B48B3}.Release|x86.Build.0 = Release|Any CPU
		{4CEA7197-65B0-46C6-91A0-C19817F30026}.Debug|Any CPU.ActiveCfg = Debug|Any CPU
		{4CEA7197-65B0-46C6-91A0-C19817F30026}.Debug|Any CPU.Build.0 = Debug|Any CPU
		{4CEA7197-65B0-46C6-91A0-C19817F30026}.Debug|x64.ActiveCfg = Debug|Any CPU
		{4CEA7197-65B0-46C6-91A0-C19817F30026}.Debug|x64.Build.0 = Debug|Any CPU
		{4CEA7197-65B0-46C6-91A0-C19817F30026}.Debug|x86.ActiveCfg = Debug|Any CPU
		{4CEA7197-65B0-46C6-91A0-C19817F30026}.Debug|x86.Build.0 = Debug|Any CPU
		{4CEA7197-65B0-46C6-91A0-C19817F30026}.Release|Any CPU.ActiveCfg = Release|Any CPU
		{4CEA7197-65B0-46C6-91A0-C19817F30026}.Release|Any CPU.Build.0 = Release|Any CPU
		{4CEA7197-65B0-46C6-91A0-C19817F30026}.Release|x64.ActiveCfg = Release|Any CPU
		{4CEA7197-65B0-46C6-91A0-C19817F30026}.Release|x64.Build.0 = Release|Any CPU
		{4CEA7197-65B0-46C6-91A0-C19817F30026}.Release|x86.ActiveCfg = Release|Any CPU
		{4CEA7197-65B0-46C6-91A0-C19817F30026}.Release|x86.Build.0 = Release|Any CPU
		{22B4EF99-619F-4BF3-90E7-611598AAD197}.Debug|Any CPU.ActiveCfg = Debug|Any CPU
		{22B4EF99-619F-4BF3-90E7-611598AAD197}.Debug|Any CPU.Build.0 = Debug|Any CPU
		{22B4EF99-619F-4BF3-90E7-611598AAD197}.Debug|x64.ActiveCfg = Debug|Any CPU
		{22B4EF99-619F-4BF3-90E7-611598AAD197}.Debug|x64.Build.0 = Debug|Any CPU
		{22B4EF99-619F-4BF3-90E7-611598AAD197}.Debug|x86.ActiveCfg = Debug|Any CPU
		{22B4EF99-619F-4BF3-90E7-611598AAD197}.Debug|x86.Build.0 = Debug|Any CPU
		{22B4EF99-619F-4BF3-90E7-611598AAD197}.Release|Any CPU.ActiveCfg = Release|Any CPU
		{22B4EF99-619F-4BF3-90E7-611598AAD197}.Release|Any CPU.Build.0 = Release|Any CPU
		{22B4EF99-619F-4BF3-90E7-611598AAD197}.Release|x64.ActiveCfg = Release|Any CPU
		{22B4EF99-619F-4BF3-90E7-611598AAD197}.Release|x64.Build.0 = Release|Any CPU
		{22B4EF99-619F-4BF3-90E7-611598AAD197}.Release|x86.ActiveCfg = Release|Any CPU
		{22B4EF99-619F-4BF3-90E7-611598AAD197}.Release|x86.Build.0 = Release|Any CPU
		{67977D3C-5E23-4507-9384-ABE4FF12DE3F}.Debug|Any CPU.ActiveCfg = Debug|Any CPU
		{67977D3C-5E23-4507-9384-ABE4FF12DE3F}.Debug|Any CPU.Build.0 = Debug|Any CPU
		{67977D3C-5E23-4507-9384-ABE4FF12DE3F}.Debug|x64.ActiveCfg = Debug|Any CPU
		{67977D3C-5E23-4507-9384-ABE4FF12DE3F}.Debug|x64.Build.0 = Debug|Any CPU
		{67977D3C-5E23-4507-9384-ABE4FF12DE3F}.Debug|x86.ActiveCfg = Debug|Any CPU
		{67977D3C-5E23-4507-9384-ABE4FF12DE3F}.Debug|x86.Build.0 = Debug|Any CPU
		{67977D3C-5E23-4507-9384-ABE4FF12DE3F}.Release|Any CPU.ActiveCfg = Release|Any CPU
		{67977D3C-5E23-4507-9384-ABE4FF12DE3F}.Release|Any CPU.Build.0 = Release|Any CPU
		{67977D3C-5E23-4507-9384-ABE4FF12DE3F}.Release|x64.ActiveCfg = Release|Any CPU
		{67977D3C-5E23-4507-9384-ABE4FF12DE3F}.Release|x64.Build.0 = Release|Any CPU
		{67977D3C-5E23-4507-9384-ABE4FF12DE3F}.Release|x86.ActiveCfg = Release|Any CPU
		{67977D3C-5E23-4507-9384-ABE4FF12DE3F}.Release|x86.Build.0 = Release|Any CPU
		{06A3ABDC-8C7F-495B-9605-3C4D48AB0695}.Debug|Any CPU.ActiveCfg = Debug|Any CPU
		{06A3ABDC-8C7F-495B-9605-3C4D48AB0695}.Debug|Any CPU.Build.0 = Debug|Any CPU
		{06A3ABDC-8C7F-495B-9605-3C4D48AB0695}.Debug|x64.ActiveCfg = Debug|Any CPU
		{06A3ABDC-8C7F-495B-9605-3C4D48AB0695}.Debug|x64.Build.0 = Debug|Any CPU
		{06A3ABDC-8C7F-495B-9605-3C4D48AB0695}.Debug|x86.ActiveCfg = Debug|Any CPU
		{06A3ABDC-8C7F-495B-9605-3C4D48AB0695}.Debug|x86.Build.0 = Debug|Any CPU
		{06A3ABDC-8C7F-495B-9605-3C4D48AB0695}.Release|Any CPU.ActiveCfg = Release|Any CPU
		{06A3ABDC-8C7F-495B-9605-3C4D48AB0695}.Release|Any CPU.Build.0 = Release|Any CPU
		{06A3ABDC-8C7F-495B-9605-3C4D48AB0695}.Release|x64.ActiveCfg = Release|Any CPU
		{06A3ABDC-8C7F-495B-9605-3C4D48AB0695}.Release|x64.Build.0 = Release|Any CPU
		{06A3ABDC-8C7F-495B-9605-3C4D48AB0695}.Release|x86.ActiveCfg = Release|Any CPU
		{06A3ABDC-8C7F-495B-9605-3C4D48AB0695}.Release|x86.Build.0 = Release|Any CPU
		{1834F80F-50E8-44D5-8EA9-AAA13210105D}.Debug|Any CPU.ActiveCfg = Debug|Any CPU
		{1834F80F-50E8-44D5-8EA9-AAA13210105D}.Debug|Any CPU.Build.0 = Debug|Any CPU
		{1834F80F-50E8-44D5-8EA9-AAA13210105D}.Debug|x64.ActiveCfg = Debug|Any CPU
		{1834F80F-50E8-44D5-8EA9-AAA13210105D}.Debug|x64.Build.0 = Debug|Any CPU
		{1834F80F-50E8-44D5-8EA9-AAA13210105D}.Debug|x86.ActiveCfg = Debug|Any CPU
		{1834F80F-50E8-44D5-8EA9-AAA13210105D}.Debug|x86.Build.0 = Debug|Any CPU
		{1834F80F-50E8-44D5-8EA9-AAA13210105D}.Release|Any CPU.ActiveCfg = Release|Any CPU
		{1834F80F-50E8-44D5-8EA9-AAA13210105D}.Release|Any CPU.Build.0 = Release|Any CPU
		{1834F80F-50E8-44D5-8EA9-AAA13210105D}.Release|x64.ActiveCfg = Release|Any CPU
		{1834F80F-50E8-44D5-8EA9-AAA13210105D}.Release|x64.Build.0 = Release|Any CPU
		{1834F80F-50E8-44D5-8EA9-AAA13210105D}.Release|x86.ActiveCfg = Release|Any CPU
		{1834F80F-50E8-44D5-8EA9-AAA13210105D}.Release|x86.Build.0 = Release|Any CPU
	EndGlobalSection
	GlobalSection(SolutionProperties) = preSolution
		HideSolutionNode = FALSE
	EndGlobalSection
	GlobalSection(NestedProjects) = preSolution
		{95CC47FE-CF95-746B-ED05-7E7817C67A6C} = {827E0CD3-B72D-47B6-A68D-7590B98EB39B}
		{8F22FEC9-6A04-4062-9930-D55EC5993A18} = {95CC47FE-CF95-746B-ED05-7E7817C67A6C}
		{48A8ED15-2E5E-48A5-992C-2A0C8849B39B} = {95CC47FE-CF95-746B-ED05-7E7817C67A6C}
		{2373C198-4C3E-4871-9A29-1A990D2293E9} = {95CC47FE-CF95-746B-ED05-7E7817C67A6C}
		{217B0712-D725-4B1C-BCA1-3B025EF63B56} = {95CC47FE-CF95-746B-ED05-7E7817C67A6C}
		{2EDF446D-30DF-4F9B-BF76-196F993B48B3} = {95CC47FE-CF95-746B-ED05-7E7817C67A6C}
		{4CEA7197-65B0-46C6-91A0-C19817F30026} = {95CC47FE-CF95-746B-ED05-7E7817C67A6C}
		{22B4EF99-619F-4BF3-90E7-611598AAD197} = {0AB3BF05-4346-4AA6-1389-037BE0695223}
		{67977D3C-5E23-4507-9384-ABE4FF12DE3F} = {0AB3BF05-4346-4AA6-1389-037BE0695223}
		{06A3ABDC-8C7F-495B-9605-3C4D48AB0695} = {0AB3BF05-4346-4AA6-1389-037BE0695223}
		{1834F80F-50E8-44D5-8EA9-AAA13210105D} = {0AB3BF05-4346-4AA6-1389-037BE0695223}
	EndGlobalSection
EndGlobal
